<Solution>
  <Project Path="MiniECommerce.Application/MiniECommerce.Application.csproj" />
  <Project Path="MiniECommerce.Blazor.WASM/MiniECommerce.Blazor.WASM.csproj" />
  <Project Path="MiniECommerce.Domain/MiniECommerce.Domain.csproj" />
  <Project Path="MiniECommerce.Infrastructure/MiniECommerce.Infrastructure.csproj" />
  <Project Path="MiniECommerce.Service/MiniECommerce.Service.csproj" />
  <Project Path="MiniECommerce.Shared/MiniECommerce.Shared.csproj" />
  <Project Path="MiniECommerce/MiniECommerce.API.csproj" />
</Solution>
